// !$*UTF8*$!
{
	archiveVersion = 1;
	classes = {
	};
	objectVersion = 48;
	objects = {

/* Begin PBXBuildFile section */
		9BEB6AA7203F5B4E003623AA /* AppDelegate.swift in Sources */ = {isa = PBXBuildFile; fileRef = 9BEB6AA6203F5B4E003623AA /* AppDelegate.swift */; };
		9BEB6AA9203F5B4E003623AA /* ViewController.swift in Sources */ = {isa = PBXBuildFile; fileRef = 9BEB6AA8203F5B4E003623AA /* ViewController.swift */; };
		9BEB6AAC203F5B4E003623AA /* Main.storyboard in Resources */ = {isa = PBXBuildFile; fileRef = 9BEB6AAA203F5B4E003623AA /* Main.storyboard */; };
		9BEB6AAE203F5B4E003623AA /* Assets.xcassets in Resources */ = {isa = PBXBuildFile; fileRef = 9BEB6AAD203F5B4E003623AA /* Assets.xcassets */; };
		9BEB6AB1203F5B4E003623AA /* LaunchScreen.storyboard in Resources */ = {isa = PBXBuildFile; fileRef = 9BEB6AAF203F5B4E003623AA /* LaunchScreen.storyboard */; };
		9BEB6AB9203F5B69003623AA /* PickerViewController.swift in Sources */ = {isa = PBXBuildFile; fileRef = 9BEB6AB8203F5B69003623AA /* PickerViewController.swift */; };
/* End PBXBuildFile section */

/* Begin PBXFileReference section */
		9BEB6AA3203F5B4E003623AA /* day_3_2.app */ = {isa = PBXFileReference; explicitFileType = wrapper.application; includeInIndex = 0; path = day_3_2.app; sourceTree = BUILT_PRODUCTS_DIR; };
		9BEB6AA6203F5B4E003623AA /* AppDelegate.swift */ = {isa = PBXFileReference; lastKnownFileType = sourcecode.swift; path = AppDelegate.swift; sourceTree = "<group>"; };
		9BEB6AA8203F5B4E003623AA /* ViewController.swift */ = {isa = PBXFileReference; lastKnownFileType = sourcecode.swift; path = ViewController.swift; sourceTree = "<group>"; };
		9BEB6AAB203F5B4E003623AA /* Base */ = {isa = PBXFileReference; lastKnownFileType = file.storyboard; name = Base; path = Base.lproj/Main.storyboard; sourceTree = "<group>"; };
		9BEB6AAD203F5B4E003623AA /* Assets.xcassets */ = {isa = PBXFileReference; lastKnownFileType = folder.assetcatalog; path = Assets.xcassets; sourceTree = "<group>"; };
		9BEB6AB0203F5B4E003623AA /* Base */ = {isa = PBXFileReference; lastKnownFileType = file.storyboard; name = Base; path = Base.lproj/LaunchScreen.storyboard; sourceTree = "<group>"; };
		9BEB6AB2203F5B4E003623AA /* Info.plist */ = {isa = PBXFileReference; lastKnownFileType = text.plist.xml; path = Info.plist; sourceTree = "<group>"; };
		9BEB6AB8203F5B69003623AA /* PickerViewController.swift */ = {isa = PBXFileReference; lastKnownFileType = sourcecode.swift; path = PickerViewController.swift; sourceTree = "<group>"; };
/* End PBXFileReference section */

/* Begin PBXFrameworksBuildPhase section */
		9BEB6AA0203F5B4E003623AA /* Frameworks */ = {
			isa = PBXFrameworksBuildPhase;
			buildActionMask = 2147483647;
			files = (
			);
			runOnlyForDeploymentPostprocessing = 0;
		};
/* End PBXFrameworksBuildPhase section */

/* Begin PBXGroup section */
		9BEB6A9A203F5B4E003623AA = {
			isa = PBXGroup;
			children = (
				9BEB6AA5203F5B4E003623AA /* day_3_2 */,
				9BEB6AA4203F5B4E003623AA /* Products */,
			);
			sourceTree = "<group>";
		};
		9BEB6AA4203F5B4E003623AA /* Products */ = {
			isa = PBXGroup;
			children = (
				9BEB6AA3203F5B4E003623AA /* day_3_2.app */,
			);
			name = Products;
			sourceTree = "<group>";
		};
		9BEB6AA5203F5B4E003623AA /* day_3_2 */ = {
			isa = PBXGroup;
			children = (
				9BEB6AA6203F5B4E003623AA /* AppDelegate.swift */,
				9BEB6AA8203F5B4E003623AA /* ViewController.swift */,
				9BEB6AAA203F5B4E003623AA /* Main.storyboard */,
				9BEB6AAD203F5B4E003623AA /* Assets.xcassets */,
				9BEB6AAF203F5B4E003623AA /* LaunchScreen.storyboard */,
				9BEB6AB2203F5B4E003623AA /* Info.plist */,
				9BEB6AB8203F5B69003623AA /* PickerViewController.swift */,
			);
			path = day_3_2;
			sourceTree = "<group>";
		};
/* End PBXGroup section */

/* Begin PBXNativeTarget section */
		9BEB6AA2203F5B4E003623AA /* day_3_2 */ = {
			isa = PBXNativeTarget;
			buildConfigurationList = 9BEB6AB5203F5B4E003623AA /* Build configuration list for PBXNativeTarget "day_3_2" */;
			buildPhases = (
				9BEB6A9F203F5B4E003623AA /* Sources */,
				9BEB6AA0203F5B4E003623AA /* Frameworks */,
				9BEB6AA1203F5B4E003623AA /* Resources */,
			);
			buildRules = (
			);
			dependencies = (
			);
			name = day_3_2;
			productName = day_3_2;
			productReference = 9BEB6AA3203F5B4E003623AA /* day_3_2.app */;
			productType = "com.apple.product-type.application";
		};
/* End PBXNativeTarget section */

/* Begin PBXProject section */
		9BEB6A9B203F5B4E003623AA /* Project object */ = {
			isa = PBXProject;
			attributes = {
				LastSwiftUpdateCheck = 0920;
				LastUpgradeCheck = 0920;
				ORGANIZATIONNAME = MacStudent;
				TargetAttributes = {
					9BEB6AA2203F5B4E003623AA = {
						CreatedOnToolsVersion = 9.2;
						ProvisioningStyle = Automatic;
					};
				};
			};
			buildConfigurationList = 9BEB6A9E203F5B4E003623AA /* Build configuration list for PBXProject "day_3_2" */;
			compatibilityVersion = "Xcode 8.0";
			developmentRegion = en;
			hasScannedForEncodings = 0;
			knownRegions = (
				en,
				Base,
			);
			mainGroup = 9BEB6A9A203F5B4E003623AA;
			productRefGroup = 9BEB6AA4203F5B4E003623AA /* Products */;
			projectDirPath = "";
			projectRoot = "";
			targets = (
				9BEB6AA2203F5B4E003623AA /* day_3_2 */,
			);
		};
/* End PBXProject section */

/* Begin PBXResourcesBuildPhase section */
		9BEB6AA1203F5B4E003623AA /* Resources */ = {
			isa = PBXResourcesBuildPhase;
			buildActionMask = 2147483647;
			files = (
				9BEB6AB1203F5B4E003623AA /* LaunchScreen.storyboard in Resources */,
				9BEB6AAE203F5B4E003623AA /* Assets.xcassets in Resources */,
				9BEB6AAC203F5B4E003623AA /* Main.storyboard in Resources */,
			);
			runOnlyForDeploymentPostprocessing = 0;
		};
/* End PBXResourcesBuildPhase section */

/* Begin PBXSourcesBuildPhase section */
		9BEB6A9F203F5B4E003623AA /* Sources */ = {
			isa = PBXSourcesBuildPhase;
			buildActionMask = 2147483647;
			files = (
				9BEB6AB9203F5B69003623AA /* PickerViewController.swift in Sources */,
				9BEB6AA9203F5B4E003623AA /* ViewController.swift in Sources */,
				9BEB6AA7203F5B4E003623AA /* AppDelegate.swift in Sources */,
			);
			runOnlyForDeploymentPostprocessing = 0;
		};
/* End PBXSourcesBuildPhase section */

/* Begin PBXVariantGroup section */
		9BEB6AAA203F5B4E003623AA /* Main.storyboard */ = {
			isa = PBXVariantGroup;
			children = (
				9BEB6AAB203F5B4E003623AA /* Base */,
			);
			name = Main.storyboard;
			sourceTree = "<group>";
		};
		9BEB6AAF203F5B4E003623AA /* LaunchScreen.storyboard */ = {
			isa = PBXVariantGroup;
			children = (
				9BEB6AB0203F5B4E003623AA /* Base */,
			);
			name = LaunchScreen.storyboard;
			sourceTree = "<group>";
		};
/* End PBXVariantGroup section */

/* Begin XCBuildConfiguration section */
		9BEB6AB3203F5B4E003623AA /* Debug */ = {
			isa = XCBuildConfiguration;
			buildSettings = {
				ALWAYS_SEARCH_USER_PATHS = NO;
				CLANG_ANALYZER_NONNULL = YES;
				CLANG_ANALYZER_NUMBER_OBJECT_CONVERSION = YES_AGGRESSIVE;
				CLANG_CXX_LANGUAGE_STANDARD = "gnu++14";
				CLANG_CXX_LIBRARY = "libc++";
				CLANG_ENABLE_MODULES = YES;
				CLANG_ENABLE_OBJC_ARC = YES;
				CLANG_WARN_BLOCK_CAPTURE_AUTORELEASING = YES;
				CLANG_WARN_BOOL_CONVERSION = YES;
				CLANG_WARN_COMMA = YES;
				CLANG_WARN_CONSTANT_CONVERSION = YES;
				CLANG_WARN_DIRECT_OBJC_ISA_USAGE = YES_ERROR;
				CLANG_WARN_DOCUMENTATION_COMMENTS = YES;
				CLANG_WARN_EMPTY_BODY = YES;
				CLANG_WARN_ENUM_CONVERSION = YES;
				CLANG_WARN_INFINITE_RECURSION = YES;
				CLANG_WARN_INT_CONVERSION = YES;
				CLANG_WARN_NON_LITERAL_NULL_CONVERSION = YES;
				CLANG_WARN_OBJC_LITERAL_CONVERSION = YES;
				CLANG_WARN_OBJC_ROOT_CLASS = YES_ERROR;
				CLANG_WARN_RANGE_LOOP_ANALYSIS = YES;
				CLANG_WARN_STRICT_PROTOTYPES = YES;
				CLANG_WARN_SUSPICIOUS_MOVE = YES;
				CLANG_WARN_UNGUARDED_AVAILABILITY = YES_AGGRESSIVE;
				CLANG_WARN_UNREACHABLE_CODE = YES;
				CLANG_WARN__DUPLICATE_METHOD_MATCH = YES;
				CODE_SIGN_IDENTITY = "iPhone Developer";
				COPY_PHASE_STRIP = NO;
				DEBUG_INFORMATION_FORMAT = dwarf;
				ENABLE_STRICT_OBJC_MSGSEND = YES;
				ENABLE_TESTABILITY = YES;
				GCC_C_LANGUAGE_STANDARD = gnu11;
				GCC_DYNAMIC_NO_PIC = NO;
				GCC_NO_COMMON_BLOCKS = YES;
				GCC_OPTIMIZATION_LEVEL = 0;
				GCC_PREPROCESSOR_DEFINITIONS = (
					"DEBUG=1",
					"$(inherited)",
				);
				GCC_WARN_64_TO_32_BIT_CONVERSION = YES;
				GCC_WARN_ABOUT_RETURN_TYPE = YES_ERROR;
				GCC_WARN_UNDECLARED_SELECTOR = YES;
				GCC_WARN_UNINITIALIZED_AUTOS = YES_AGGRESSIVE;
				GCC_WARN_UNUSED_FUNCTION = YES;
				GCC_WARN_UNUSED_VARIABLE = YES;
				IPHONEOS_DEPLOYMENT_TARGET = 11.2;
				MTL_ENABLE_DEBUG_INFO = YES;
				ONLY_ACTIVE_ARCH = YES;
				SDKROOT = iphoneos;
				SWIFT_ACTIVE_COMPILATION_CONDITIONS = DEBUG;
				SWIFT_OPTIMIZATION_LEVEL = "-Onone";
			};
			name = Debug;
		};
		9BEB6AB4203F5B4E003623AA /* Release */ = {
			isa = XCBuildConfiguration;
			buildSettings = {
				ALWAYS_SEARCH_USER_PATHS = NO;
				CLANG_ANALYZER_NONNULL = YES;
				CLANG_ANALYZER_NUMBER_OBJECT_CONVERSION = YES_AGGRESSIVE;
				CLANG_CXX_LANGUAGE_STANDARD = "gnu++14";
				CLANG_CXX_LIBRARY = "libc++";
				CLANG_ENABLE_MODULES = YES;
				CLANG_ENABLE_OBJC_ARC = YES;
				CLANG_WARN_BLOCK_CAPTURE_AUTORELEASING = YES;
				CLANG_WARN_BOOL_CONVERSION = YES;
				CLANG_WARN_COMMA = YES;
				CLANG_WARN_CONSTANT_CONVERSION = YES;
				CLANG_WARN_DIRECT_OBJC_ISA_USAGE = YES_ERROR;
				CLANG_WARN_DOCUMENTATION_COMMENTS = YES;
				CLANG_WARN_EMPTY_BODY = YES;
				CLANG_WARN_ENUM_CONVERSION = YES;
				CLANG_WARN_INFINITE_RECURSION = YES;
				CLANG_WARN_INT_CONVERSION = YES;
				CLANG_WARN_NON_LITERAL_NULL_CONVERSION = YES;
				CLANG_WARN_OBJC_LITERAL_CONVERSION = YES;
				CLANG_WARN_OBJC_ROOT_CLASS = YES_ERROR;
				CLANG_WARN_RANGE_LOOP_ANALYSIS = YES;
				CLANG_WARN_STRICT_PROTOTYPES = YES;
				CLANG_WARN_SUSPICIOUS_MOVE = YES;
				CLANG_WARN_UNGUARDED_AVAILABILITY = YES_AGGRESSIVE;
				CLANG_WARN_UNREACHABLE_CODE = YES;
				CLANG_WARN__DUPLICATE_METHOD_MATCH = YES;
				CODE_SIGN_IDENTITY = "iPhone Developer";
				COPY_PHASE_STRIP = NO;
				DEBUG_INFORMATION_FORMAT = "dwarf-with-dsym";
				ENABLE_NS_ASSERTIONS = NO;
				ENABLE_STRICT_OBJC_MSGSEND = YES;
				GCC_C_LANGUAGE_STANDARD = gnu11;
				GCC_NO_COMMON_BLOCKS = YES;
				GCC_WARN_64_TO_32_BIT_CONVERSION = YES;
				GCC_WARN_ABOUT_RETURN_TYPE = YES_ERROR;
				GCC_WARN_UNDECLARED_SELECTOR = YES;
				GCC_WARN_UNINITIALIZED_AUTOS = YES_AGGRESSIVE;
				GCC_WARN_UNUSED_FUNCTION = YES;
				GCC_WARN_UNUSED_VARIABLE = YES;
				IPHONEOS_DEPLOYMENT_TARGET = 11.2;
				MTL_ENABLE_DEBUG_INFO = NO;
				SDKROOT = iphoneos;
				SWIFT_OPTIMIZATION_LEVEL = "-Owholemodule";
				VALIDATE_PRODUCT = YES;
			};
			name = Release;
		};
		9BEB6AB6203F5B4E003623AA /* Debug */ = {
			isa = XCBuildConfiguration;
			buildSettings = {
				ASSETCATALOG_COMPILER_APPICON_NAME = AppIcon;
				CODE_SIGN_STYLE = Automatic;
				INFOPLIST_FILE = day_3_2/Info.plist;
				LD_RUNPATH_SEARCH_PATHS = "$(inherited) @executable_path/Frameworks";
				PRODUCT_BUNDLE_IDENTIFIER = "CestarCollege.day-3-2";
				PRODUCT_NAME = "$(TARGET_NAME)";
				SWIFT_VERSION = 4.0;
				TARGETED_DEVICE_FAMILY = "1,2";
			};
			name = Debug;
		};
		9BEB6AB7203F5B4E003623AA /* Release */ = {
			isa = XCBuildConfiguration;
			buildSettings = {
				ASSETCATALOG_COMPILER_APPICON_NAME = AppIcon;
				CODE_SIGN_STYLE = Automatic;
				INFOPLIST_FILE = day_3_2/Info.plist;
				LD_RUNPATH_SEARCH_PATHS = "$(inherited) @executable_path/Frameworks";
				PRODUCT_BUNDLE_IDENTIFIER = "CestarCollege.day-3-2";
				PRODUCT_NAME = "$(TARGET_NAME)";
				SWIFT_VERSION = 4.0;
				TARGETED_DEVICE_FAMILY = "1,2";
			};
			name = Release;
		};
/* End XCBuildConfiguration section */

/* Begin XCConfigurationList section */
		9BEB6A9E203F5B4E003623AA /* Build configuration list for PBXProject "day_3_2" */ = {
			isa = XCConfigurationList;
			buildConfigurations = (
				9BEB6AB3203F5B4E003623AA /* Debug */,
				9BEB6AB4203F5B4E003623AA /* Release */,
			);
			defaultConfigurationIsVisible = 0;
			defaultConfigurationName = Release;
		};
		9BEB6AB5203F5B4E003623AA /* Build configuration list for PBXNativeTarget "day_3_2" */ = {
			isa = XCConfigurationList;
			buildConfigurations = (
				9BEB6AB6203F5B4E003623AA /* Debug */,
				9BEB6AB7203F5B4E003623AA /* Release */,
			);
			defaultConfigurationIsVisible = 0;
			defaultConfigurationName = Release;
		};
/* End XCConfigurationList section */
	};
	rootObject = 9BEB6A9B203F5B4E003623AA /* Project object */;
}
