// !$*UTF8*$!
{
	archiveVersion = 1;
	classes = {
	};
	objectVersion = 50;
	objects = {

/* Begin PBXBuildFile section */
		9BBCB4852115C534006EFCAD /* AppDelegate.swift in Sources */ = {isa = PBXBuildFile; fileRef = 9BBCB4842115C534006EFCAD /* AppDelegate.swift */; };
		9BBCB4872115C534006EFCAD /* ViewController.swift in Sources */ = {isa = PBXBuildFile; fileRef = 9BBCB4862115C534006EFCAD /* ViewController.swift */; };
		9BBCB48A2115C534006EFCAD /* Main.storyboard in Resources */ = {isa = PBXBuildFile; fileRef = 9BBCB4882115C534006EFCAD /* Main.storyboard */; };
		9BBCB48D2115C534006EFCAD /* camera_app.xcdatamodeld in Sources */ = {isa = PBXBuildFile; fileRef = 9BBCB48B2115C534006EFCAD /* camera_app.xcdatamodeld */; };
		9BBCB48F2115C536006EFCAD /* Assets.xcassets in Resources */ = {isa = PBXBuildFile; fileRef = 9BBCB48E2115C536006EFCAD /* Assets.xcassets */; };
		9BBCB4922115C536006EFCAD /* LaunchScreen.storyboard in Resources */ = {isa = PBXBuildFile; fileRef = 9BBCB4902115C536006EFCAD /* LaunchScreen.storyboard */; };
/* End PBXBuildFile section */

/* Begin PBXFileReference section */
		9BBCB4812115C534006EFCAD /* camera_app.app */ = {isa = PBXFileReference; explicitFileType = wrapper.application; includeInIndex = 0; path = camera_app.app; sourceTree = BUILT_PRODUCTS_DIR; };
		9BBCB4842115C534006EFCAD /* AppDelegate.swift */ = {isa = PBXFileReference; lastKnownFileType = sourcecode.swift; path = AppDelegate.swift; sourceTree = "<group>"; };
		9BBCB4862115C534006EFCAD /* ViewController.swift */ = {isa = PBXFileReference; lastKnownFileType = sourcecode.swift; path = ViewController.swift; sourceTree = "<group>"; };
		9BBCB4892115C534006EFCAD /* Base */ = {isa = PBXFileReference; lastKnownFileType = file.storyboard; name = Base; path = Base.lproj/Main.storyboard; sourceTree = "<group>"; };
		9BBCB48C2115C534006EFCAD /* camera_app.xcdatamodel */ = {isa = PBXFileReference; lastKnownFileType = wrapper.xcdatamodel; path = camera_app.xcdatamodel; sourceTree = "<group>"; };
		9BBCB48E2115C536006EFCAD /* Assets.xcassets */ = {isa = PBXFileReference; lastKnownFileType = folder.assetcatalog; path = Assets.xcassets; sourceTree = "<group>"; };
		9BBCB4912115C536006EFCAD /* Base */ = {isa = PBXFileReference; lastKnownFileType = file.storyboard; name = Base; path = Base.lproj/LaunchScreen.storyboard; sourceTree = "<group>"; };
		9BBCB4932115C536006EFCAD /* Info.plist */ = {isa = PBXFileReference; lastKnownFileType = text.plist.xml; path = Info.plist; sourceTree = "<group>"; };
/* End PBXFileReference section */

/* Begin PBXFrameworksBuildPhase section */
		9BBCB47E2115C534006EFCAD /* Frameworks */ = {
			isa = PBXFrameworksBuildPhase;
			buildActionMask = 2147483647;
			files = (
			);
			runOnlyForDeploymentPostprocessing = 0;
		};
/* End PBXFrameworksBuildPhase section */

/* Begin PBXGroup section */
		9BBCB4782115C534006EFCAD = {
			isa = PBXGroup;
			children = (
				9BBCB4832115C534006EFCAD /* camera_app */,
				9BBCB4822115C534006EFCAD /* Products */,
			);
			sourceTree = "<group>";
		};
		9BBCB4822115C534006EFCAD /* Products */ = {
			isa = PBXGroup;
			children = (
				9BBCB4812115C534006EFCAD /* camera_app.app */,
			);
			name = Products;
			sourceTree = "<group>";
		};
		9BBCB4832115C534006EFCAD /* camera_app */ = {
			isa = PBXGroup;
			children = (
				9BBCB4842115C534006EFCAD /* AppDelegate.swift */,
				9BBCB4862115C534006EFCAD /* ViewController.swift */,
				9BBCB4882115C534006EFCAD /* Main.storyboard */,
				9BBCB48E2115C536006EFCAD /* Assets.xcassets */,
				9BBCB4902115C536006EFCAD /* LaunchScreen.storyboard */,
				9BBCB4932115C536006EFCAD /* Info.plist */,
				9BBCB48B2115C534006EFCAD /* camera_app.xcdatamodeld */,
			);
			path = camera_app;
			sourceTree = "<group>";
		};
/* End PBXGroup section */

/* Begin PBXNativeTarget section */
		9BBCB4802115C534006EFCAD /* camera_app */ = {
			isa = PBXNativeTarget;
			buildConfigurationList = 9BBCB4962115C536006EFCAD /* Build configuration list for PBXNativeTarget "camera_app" */;
			buildPhases = (
				9BBCB47D2115C534006EFCAD /* Sources */,
				9BBCB47E2115C534006EFCAD /* Frameworks */,
				9BBCB47F2115C534006EFCAD /* Resources */,
			);
			buildRules = (
			);
			dependencies = (
			);
			name = camera_app;
			productName = camera_app;
			productReference = 9BBCB4812115C534006EFCAD /* camera_app.app */;
			productType = "com.apple.product-type.application";
		};
/* End PBXNativeTarget section */

/* Begin PBXProject section */
		9BBCB4792115C534006EFCAD /* Project object */ = {
			isa = PBXProject;
			attributes = {
				LastSwiftUpdateCheck = 0930;
				LastUpgradeCheck = 0930;
				ORGANIZATIONNAME = MacStudent;
				TargetAttributes = {
					9BBCB4802115C534006EFCAD = {
						CreatedOnToolsVersion = 9.3;
					};
				};
			};
			buildConfigurationList = 9BBCB47C2115C534006EFCAD /* Build configuration list for PBXProject "camera_app" */;
			compatibilityVersion = "Xcode 9.3";
			developmentRegion = en;
			hasScannedForEncodings = 0;
			knownRegions = (
				en,
				Base,
			);
			mainGroup = 9BBCB4782115C534006EFCAD;
			productRefGroup = 9BBCB4822115C534006EFCAD /* Products */;
			projectDirPath = "";
			projectRoot = "";
			targets = (
				9BBCB4802115C534006EFCAD /* camera_app */,
			);
		};
/* End PBXProject section */

/* Begin PBXResourcesBuildPhase section */
		9BBCB47F2115C534006EFCAD /* Resources */ = {
			isa = PBXResourcesBuildPhase;
			buildActionMask = 2147483647;
			files = (
				9BBCB4922115C536006EFCAD /* LaunchScreen.storyboard in Resources */,
				9BBCB48F2115C536006EFCAD /* Assets.xcassets in Resources */,
				9BBCB48A2115C534006EFCAD /* Main.storyboard in Resources */,
			);
			runOnlyForDeploymentPostprocessing = 0;
		};
/* End PBXResourcesBuildPhase section */

/* Begin PBXSourcesBuildPhase section */
		9BBCB47D2115C534006EFCAD /* Sources */ = {
			isa = PBXSourcesBuildPhase;
			buildActionMask = 2147483647;
			files = (
				9BBCB48D2115C534006EFCAD /* camera_app.xcdatamodeld in Sources */,
				9BBCB4872115C534006EFCAD /* ViewController.swift in Sources */,
				9BBCB4852115C534006EFCAD /* AppDelegate.swift in Sources */,
			);
			runOnlyForDeploymentPostprocessing = 0;
		};
/* End PBXSourcesBuildPhase section */

/* Begin PBXVariantGroup section */
		9BBCB4882115C534006EFCAD /* Main.storyboard */ = {
			isa = PBXVariantGroup;
			children = (
				9BBCB4892115C534006EFCAD /* Base */,
			);
			name = Main.storyboard;
			sourceTree = "<group>";
		};
		9BBCB4902115C536006EFCAD /* LaunchScreen.storyboard */ = {
			isa = PBXVariantGroup;
			children = (
				9BBCB4912115C536006EFCAD /* Base */,
			);
			name = LaunchScreen.storyboard;
			sourceTree = "<group>";
		};
/* End PBXVariantGroup section */

/* Begin XCBuildConfiguration section */
		9BBCB4942115C536006EFCAD /* Debug */ = {
			isa = XCBuildConfiguration;
			buildSettings = {
				ALWAYS_SEARCH_USER_PATHS = NO;
				CLANG_ANALYZER_NONNULL = YES;
				CLANG_ANALYZER_NUMBER_OBJECT_CONVERSION = YES_AGGRESSIVE;
				CLANG_CXX_LANGUAGE_STANDARD = "gnu++14";
				CLANG_CXX_LIBRARY = "libc++";
				CLANG_ENABLE_MODULES = YES;
				CLANG_ENABLE_OBJC_ARC = YES;
				CLANG_ENABLE_OBJC_WEAK = YES;
				CLANG_WARN_BLOCK_CAPTURE_AUTORELEASING = YES;
				CLANG_WARN_BOOL_CONVERSION = YES;
				CLANG_WARN_COMMA = YES;
				CLANG_WARN_CONSTANT_CONVERSION = YES;
				CLANG_WARN_DEPRECATED_OBJC_IMPLEMENTATIONS = YES;
				CLANG_WARN_DIRECT_OBJC_ISA_USAGE = YES_ERROR;
				CLANG_WARN_DOCUMENTATION_COMMENTS = YES;
				CLANG_WARN_EMPTY_BODY = YES;
				CLANG_WARN_ENUM_CONVERSION = YES;
				CLANG_WARN_INFINITE_RECURSION = YES;
				CLANG_WARN_INT_CONVERSION = YES;
				CLANG_WARN_NON_LITERAL_NULL_CONVERSION = YES;
				CLANG_WARN_OBJC_IMPLICIT_RETAIN_SELF = YES;
				CLANG_WARN_OBJC_LITERAL_CONVERSION = YES;
				CLANG_WARN_OBJC_ROOT_CLASS = YES_ERROR;
				CLANG_WARN_RANGE_LOOP_ANALYSIS = YES;
				CLANG_WARN_STRICT_PROTOTYPES = YES;
				CLANG_WARN_SUSPICIOUS_MOVE = YES;
				CLANG_WARN_UNGUARDED_AVAILABILITY = YES_AGGRESSIVE;
				CLANG_WARN_UNREACHABLE_CODE = YES;
				CLANG_WARN__DUPLICATE_METHOD_MATCH = YES;
				CODE_SIGN_IDENTITY = "iPhone Developer";
				COPY_PHASE_STRIP = NO;
				DEBUG_INFORMATION_FORMAT = dwarf;
				ENABLE_STRICT_OBJC_MSGSEND = YES;
				ENABLE_TESTABILITY = YES;
				GCC_C_LANGUAGE_STANDARD = gnu11;
				GCC_DYNAMIC_NO_PIC = NO;
				GCC_NO_COMMON_BLOCKS = YES;
				GCC_OPTIMIZATION_LEVEL = 0;
				GCC_PREPROCESSOR_DEFINITIONS = (
					"DEBUG=1",
					"$(inherited)",
				);
				GCC_WARN_64_TO_32_BIT_CONVERSION = YES;
				GCC_WARN_ABOUT_RETURN_TYPE = YES_ERROR;
				GCC_WARN_UNDECLARED_SELECTOR = YES;
				GCC_WARN_UNINITIALIZED_AUTOS = YES_AGGRESSIVE;
				GCC_WARN_UNUSED_FUNCTION = YES;
				GCC_WARN_UNUSED_VARIABLE = YES;
				IPHONEOS_DEPLOYMENT_TARGET = 11.3;
				MTL_ENABLE_DEBUG_INFO = YES;
				ONLY_ACTIVE_ARCH = YES;
				SDKROOT = iphoneos;
				SWIFT_ACTIVE_COMPILATION_CONDITIONS = DEBUG;
				SWIFT_OPTIMIZATION_LEVEL = "-Onone";
			};
			name = Debug;
		};
		9BBCB4952115C536006EFCAD /* Release */ = {
			isa = XCBuildConfiguration;
			buildSettings = {
				ALWAYS_SEARCH_USER_PATHS = NO;
				CLANG_ANALYZER_NONNULL = YES;
				CLANG_ANALYZER_NUMBER_OBJECT_CONVERSION = YES_AGGRESSIVE;
				CLANG_CXX_LANGUAGE_STANDARD = "gnu++14";
				CLANG_CXX_LIBRARY = "libc++";
				CLANG_ENABLE_MODULES = YES;
				CLANG_ENABLE_OBJC_ARC = YES;
				CLANG_ENABLE_OBJC_WEAK = YES;
				CLANG_WARN_BLOCK_CAPTURE_AUTORELEASING = YES;
				CLANG_WARN_BOOL_CONVERSION = YES;
				CLANG_WARN_COMMA = YES;
				CLANG_WARN_CONSTANT_CONVERSION = YES;
				CLANG_WARN_DEPRECATED_OBJC_IMPLEMENTATIONS = YES;
				CLANG_WARN_DIRECT_OBJC_ISA_USAGE = YES_ERROR;
				CLANG_WARN_DOCUMENTATION_COMMENTS = YES;
				CLANG_WARN_EMPTY_BODY = YES;
				CLANG_WARN_ENUM_CONVERSION = YES;
				CLANG_WARN_INFINITE_RECURSION = YES;
				CLANG_WARN_INT_CONVERSION = YES;
				CLANG_WARN_NON_LITERAL_NULL_CONVERSION = YES;
				CLANG_WARN_OBJC_IMPLICIT_RETAIN_SELF = YES;
				CLANG_WARN_OBJC_LITERAL_CONVERSION = YES;
				CLANG_WARN_OBJC_ROOT_CLASS = YES_ERROR;
				CLANG_WARN_RANGE_LOOP_ANALYSIS = YES;
				CLANG_WARN_STRICT_PROTOTYPES = YES;
				CLANG_WARN_SUSPICIOUS_MOVE = YES;
				CLANG_WARN_UNGUARDED_AVAILABILITY = YES_AGGRESSIVE;
				CLANG_WARN_UNREACHABLE_CODE = YES;
				CLANG_WARN__DUPLICATE_METHOD_MATCH = YES;
				CODE_SIGN_IDENTITY = "iPhone Developer";
				COPY_PHASE_STRIP = NO;
				DEBUG_INFORMATION_FORMAT = "dwarf-with-dsym";
				ENABLE_NS_ASSERTIONS = NO;
				ENABLE_STRICT_OBJC_MSGSEND = YES;
				GCC_C_LANGUAGE_STANDARD = gnu11;
				GCC_NO_COMMON_BLOCKS = YES;
				GCC_WARN_64_TO_32_BIT_CONVERSION = YES;
				GCC_WARN_ABOUT_RETURN_TYPE = YES_ERROR;
				GCC_WARN_UNDECLARED_SELECTOR = YES;
				GCC_WARN_UNINITIALIZED_AUTOS = YES_AGGRESSIVE;
				GCC_WARN_UNUSED_FUNCTION = YES;
				GCC_WARN_UNUSED_VARIABLE = YES;
				IPHONEOS_DEPLOYMENT_TARGET = 11.3;
				MTL_ENABLE_DEBUG_INFO = NO;
				SDKROOT = iphoneos;
				SWIFT_COMPILATION_MODE = wholemodule;
				SWIFT_OPTIMIZATION_LEVEL = "-O";
				VALIDATE_PRODUCT = YES;
			};
			name = Release;
		};
		9BBCB4972115C536006EFCAD /* Debug */ = {
			isa = XCBuildConfiguration;
			buildSettings = {
				ASSETCATALOG_COMPILER_APPICON_NAME = AppIcon;
				CODE_SIGN_STYLE = Automatic;
				INFOPLIST_FILE = camera_app/Info.plist;
				LD_RUNPATH_SEARCH_PATHS = (
					"$(inherited)",
					"@executable_path/Frameworks",
				);
				PRODUCT_BUNDLE_IDENTIFIER = "CestarCollege.camera-app";
				PRODUCT_NAME = "$(TARGET_NAME)";
				SWIFT_VERSION = 4.0;
				TARGETED_DEVICE_FAMILY = "1,2";
			};
			name = Debug;
		};
		9BBCB4982115C536006EFCAD /* Release */ = {
			isa = XCBuildConfiguration;
			buildSettings = {
				ASSETCATALOG_COMPILER_APPICON_NAME = AppIcon;
				CODE_SIGN_STYLE = Automatic;
				INFOPLIST_FILE = camera_app/Info.plist;
				LD_RUNPATH_SEARCH_PATHS = (
					"$(inherited)",
					"@executable_path/Frameworks",
				);
				PRODUCT_BUNDLE_IDENTIFIER = "CestarCollege.camera-app";
				PRODUCT_NAME = "$(TARGET_NAME)";
				SWIFT_VERSION = 4.0;
				TARGETED_DEVICE_FAMILY = "1,2";
			};
			name = Release;
		};
/* End XCBuildConfiguration section */

/* Begin XCConfigurationList section */
		9BBCB47C2115C534006EFCAD /* Build configuration list for PBXProject "camera_app" */ = {
			isa = XCConfigurationList;
			buildConfigurations = (
				9BBCB4942115C536006EFCAD /* Debug */,
				9BBCB4952115C536006EFCAD /* Release */,
			);
			defaultConfigurationIsVisible = 0;
			defaultConfigurationName = Release;
		};
		9BBCB4962115C536006EFCAD /* Build configuration list for PBXNativeTarget "camera_app" */ = {
			isa = XCConfigurationList;
			buildConfigurations = (
				9BBCB4972115C536006EFCAD /* Debug */,
				9BBCB4982115C536006EFCAD /* Release */,
			);
			defaultConfigurationIsVisible = 0;
			defaultConfigurationName = Release;
		};
/* End XCConfigurationList section */

/* Begin XCVersionGroup section */
		9BBCB48B2115C534006EFCAD /* camera_app.xcdatamodeld */ = {
			isa = XCVersionGroup;
			children = (
				9BBCB48C2115C534006EFCAD /* camera_app.xcdatamodel */,
			);
			currentVersion = 9BBCB48C2115C534006EFCAD /* camera_app.xcdatamodel */;
			path = camera_app.xcdatamodeld;
			sourceTree = "<group>";
			versionGroupType = wrapper.xcdatamodel;
		};
/* End XCVersionGroup section */
	};
	rootObject = 9BBCB4792115C534006EFCAD /* Project object */;
}
